
Microsoft Visual Studio Solution File, Format Version 12.00
# Visual Studio 15
VisualStudioVersion = 15.0.33919.361
MinimumVisualStudioVersion = 10.0.40219.1
Project("{FAE04EC0-301F-11D3-BF4B-00C04F79EFBC}") = "Dll_Injection", "Dll_Injection\Dll_Injection.csproj", "{24067B9A-880C-4D63-8665-1484CE389E3F}"
EndProject
Global
	GlobalSection(SolutionConfigurationPlatforms) = preSolution
		Debug|Any CPU = Debug|Any CPU
		Debug|x64 = Debug|x64
		Release|Any CPU = Release|Any CPU
		Release|x64 = Release|x64
	EndGlobalSection
	GlobalSection(ProjectConfigurationPlatforms) = postSolution
		{24067B9A-880C-4D63-8665-1484CE389E3F}.Debug|Any CPU.ActiveCfg = Debug|Any CPU
		{24067B9A-880C-4D63-8665-1484CE389E3F}.Debug|Any CPU.Build.0 = Debug|Any CPU
		{24067B9A-880C-4D63-8665-1484CE389E3F}.Debug|x64.ActiveCfg = Release|x64
		{24067B9A-880C-4D63-8665-1484CE389E3F}.Debug|x64.Build.0 = Release|x64
		{24067B9A-880C-4D63-8665-1484CE389E3F}.Release|Any CPU.ActiveCfg = Release|Any CPU
		{24067B9A-880C-4D63-8665-1484CE389E3F}.Release|Any CPU.Build.0 = Release|Any CPU
		{24067B9A-880C-4D63-8665-1484CE389E3F}.Release|x64.ActiveCfg = Release|x64
		{24067B9A-880C-4D63-8665-1484CE389E3F}.Release|x64.Build.0 = Release|x64
	EndGlobalSection
	GlobalSection(SolutionProperties) = preSolution
		HideSolutionNode = FALSE
	EndGlobalSection
	GlobalSection(ExtensibilityGlobals) = postSolution
		SolutionGuid = {5A660947-F3CE-49FC-81BB-AF55EBD299BF}
	EndGlobalSection
EndGlobal
